
Microsoft Visual Studio Solution File, Format Version 12.00
# Visual Studio Version 17
VisualStudioVersion = 17.3.32929.385
MinimumVisualStudioVersion = 10.0.40219.1
Project("{FAE04EC0-301F-11D3-BF4B-00C04F79EFBC}") = "demo5", "demo5.csproj", "{A7E3EA94-07B4-4715-9F8F-AA8D74E2E56A}"
EndProject
Project("{9A19103F-16F7-4668-BE54-9A1E7A4F7556}") = "CalculationsClass", "..\CalculationsClass\CalculationsClass.csproj", "{BDBDA23C-835E-4C6C-9EAC-EA41AAF0E0DC}"
EndProject
Global
	GlobalSection(SolutionConfigurationPlatforms) = preSolution
		Debug|Any CPU = Debug|Any CPU
		Release|Any CPU = Release|Any CPU
	EndGlobalSection
	GlobalSection(ProjectConfigurationPlatforms) = postSolution
		{A7E3EA94-07B4-4715-9F8F-AA8D74E2E56A}.Debug|Any CPU.ActiveCfg = Debug|Any CPU
		{A7E3EA94-07B4-4715-9F8F-AA8D74E2E56A}.Debug|Any CPU.Build.0 = Debug|Any CPU
		{A7E3EA94-07B4-4715-9F8F-AA8D74E2E56A}.Release|Any CPU.ActiveCfg = Release|Any CPU
		{A7E3EA94-07B4-4715-9F8F-AA8D74E2E56A}.Release|Any CPU.Build.0 = Release|Any CPU
		{BDBDA23C-835E-4C6C-9EAC-EA41AAF0E0DC}.Debug|Any CPU.ActiveCfg = Debug|Any CPU
		{BDBDA23C-835E-4C6C-9EAC-EA41AAF0E0DC}.Debug|Any CPU.Build.0 = Debug|Any CPU
		{BDBDA23C-835E-4C6C-9EAC-EA41AAF0E0DC}.Release|Any CPU.ActiveCfg = Release|Any CPU
		{BDBDA23C-835E-4C6C-9EAC-EA41AAF0E0DC}.Release|Any CPU.Build.0 = Release|Any CPU
	EndGlobalSection
	GlobalSection(SolutionProperties) = preSolution
		HideSolutionNode = FALSE
	EndGlobalSection
	GlobalSection(ExtensibilityGlobals) = postSolution
		SolutionGuid = {565A069A-22E9-4997-AC68-842EACB0D0FD}
	EndGlobalSection
EndGlobal
